
Microsoft Visual Studio Solution File, Format Version 12.00
# Visual Studio Version 17
VisualStudioVersion = 17.11.35327.3
MinimumVisualStudioVersion = 10.0.40219.1
Project("{FAE04EC0-301F-11D3-BF4B-00C04F79EFBC}") = "Jada30.Logging", "Jada30.Logging\Jada30.Logging.csproj", "{AB35C3D4-C829-4337-A341-07ED6BFC9326}"
EndProject
Global
	GlobalSection(SolutionConfigurationPlatforms) = preSolution
		Debug|Any CPU = Debug|Any CPU
		Release|Any CPU = Release|Any CPU
	EndGlobalSection
	GlobalSection(ProjectConfigurationPlatforms) = postSolution
		{AB35C3D4-C829-4337-A341-07ED6BFC9326}.Debug|Any CPU.ActiveCfg = Debug|Any CPU
		{AB35C3D4-C829-4337-A341-07ED6BFC9326}.Debug|Any CPU.Build.0 = Debug|Any CPU
		{AB35C3D4-C829-4337-A341-07ED6BFC9326}.Release|Any CPU.ActiveCfg = Release|Any CPU
		{AB35C3D4-C829-4337-A341-07ED6BFC9326}.Release|Any CPU.Build.0 = Release|Any CPU
	EndGlobalSection
	GlobalSection(SolutionProperties) = preSolution
		HideSolutionNode = FALSE
	EndGlobalSection
	GlobalSection(ExtensibilityGlobals) = postSolution
		SolutionGuid = {994228BE-BF15-4FDF-A73C-9B798ECA84D7}
	EndGlobalSection
EndGlobal
