
Microsoft Visual Studio Solution File, Format Version 12.00
# Visual Studio Version 17
VisualStudioVersion = 17.0.31903.59
MinimumVisualStudioVersion = 10.0.40219.1
Project("{2150E333-8FDC-42A3-9474-1A3956D46DE8}") = "Services", "Services", "{724D8B64-2BCA-481D-A533-9D494A87EA7A}"
EndProject
Project("{2150E333-8FDC-42A3-9474-1A3956D46DE8}") = "Identity", "Identity", "{9A7974DB-BE5B-49C7-B025-2D42FBCE33B7}"
EndProject
Project("{2150E333-8FDC-42A3-9474-1A3956D46DE8}") = "Application", "Application", "{D68FE447-04EB-4D49-94D3-4281FC9476CF}"
EndProject
Project("{9A19103F-16F7-4668-BE54-9A1E7A4F7556}") = "Identity.Application", "Identity.Application\Identity.Application.csproj", "{DE6B26CC-DE0A-4463-841A-0462B4EB7309}"
EndProject
Project("{2150E333-8FDC-42A3-9474-1A3956D46DE8}") = "Common", "Common", "{9AECCD40-54EB-4D12-8DEF-5EE48B7467DE}"
EndProject
Project("{9A19103F-16F7-4668-BE54-9A1E7A4F7556}") = "Identity.Common", "Identity.Common\Identity.Common.csproj", "{A2090692-2C32-42D8-9CA7-B573E8602994}"
EndProject
Project("{2150E333-8FDC-42A3-9474-1A3956D46DE8}") = "Domain", "Domain", "{7EC3A208-9FFA-482F-941D-A27137E7487D}"
EndProject
Project("{9A19103F-16F7-4668-BE54-9A1E7A4F7556}") = "Identity.Domain", "Identity.Domain\Identity.Domain.csproj", "{22CCC8FE-82D0-4EE0-84BA-B0439C733DFA}"
EndProject
Project("{2150E333-8FDC-42A3-9474-1A3956D46DE8}") = "Framework", "Framework", "{9493F6A2-F022-400F-9E41-0DCE3B16CC5E}"
EndProject
Project("{9A19103F-16F7-4668-BE54-9A1E7A4F7556}") = "Identity.Framework", "Identity.Framework\Identity.Framework.csproj", "{4698BE1D-F11F-439D-A7CA-42D880D2415F}"
EndProject
Project("{2150E333-8FDC-42A3-9474-1A3956D46DE8}") = "Infrastructure", "Infrastructure", "{ECE5E052-E723-4406-B4DF-D103BBAF4823}"
EndProject
Project("{9A19103F-16F7-4668-BE54-9A1E7A4F7556}") = "Identity.Infrastructure", "Identity.Infrastructure\Identity.Infrastructure.csproj", "{FC0395ED-6E14-4932-91AD-134B426C93A2}"
EndProject
Project("{9A19103F-16F7-4668-BE54-9A1E7A4F7556}") = "Identity.Api", "Identity.Api\Identity.Api.csproj", "{570B74FE-9873-4BE4-8229-A222C8F8AC3B}"
EndProject
Project("{2150E333-8FDC-42A3-9474-1A3956D46DE8}") = "IdentityServer4", "IdentityServer4", "{AEF3DDAC-095B-4AC2-B6B7-CF6B04885A2A}"
EndProject
Project("{9A19103F-16F7-4668-BE54-9A1E7A4F7556}") = "IdentityServer4.API", "IdentityServer4.API\IdentityServer4.API.csproj", "{9B98A29B-AB37-4852-8D9E-B2BE1310F1E8}"
EndProject
Project("{2150E333-8FDC-42A3-9474-1A3956D46DE8}") = "AuditLogging", "AuditLogging", "{8F8C4F41-BB22-452A-8BA0-E9DD4C458B6D}"
EndProject
Project("{9A19103F-16F7-4668-BE54-9A1E7A4F7556}") = "Jada30.Logging", "Jada30.Logging]\Jada30.Logging.csproj", "{B9A3EC31-DB09-4C01-9EDA-8BBA5E2FBE0F}"
EndProject
Project("{2150E333-8FDC-42A3-9474-1A3956D46DE8}") = "ApiGateway", "ApiGateway", "{369E5B61-A007-4434-87F5-741F34681304}"
EndProject
Project("{9A19103F-16F7-4668-BE54-9A1E7A4F7556}") = "OcelotApiGw", "OcelotApiGw\OcelotApiGw.csproj", "{66CC0B21-433D-4696-B3A6-46CF556064B8}"
EndProject
Project("{2150E333-8FDC-42A3-9474-1A3956D46DE8}") = "Lookups", "Lookups", "{E96C4D85-3940-421B-B63A-883AAC168A68}"
EndProject
Project("{2150E333-8FDC-42A3-9474-1A3956D46DE8}") = "Application", "Application", "{DE373D72-F72B-4C63-9555-9A3429599B4B}"
EndProject
Project("{2150E333-8FDC-42A3-9474-1A3956D46DE8}") = "Common", "Common", "{15096CBD-702E-4DC7-A104-1AB60B30A7F2}"
EndProject
Project("{2150E333-8FDC-42A3-9474-1A3956D46DE8}") = "Domain", "Domain", "{DE0A8F82-4B22-4811-A510-05DD7CA90B6A}"
EndProject
Project("{2150E333-8FDC-42A3-9474-1A3956D46DE8}") = "Infrastructure", "Infrastructure", "{DC81DAAA-71C2-4112-887E-67D2E8797636}"
EndProject
Project("{FAE04EC0-301F-11D3-BF4B-00C04F79EFBC}") = "Lookups.API", "Lookups.API\Lookups.API.csproj", "{77CB4490-D5BF-434D-ABEA-3B8B0DFF5505}"
EndProject
Project("{FAE04EC0-301F-11D3-BF4B-00C04F79EFBC}") = "Lookups.Infrastructure", "Lookups.Infrastructure\Lookups.Infrastructure.csproj", "{552ACBE0-1544-462E-91B5-FBCD4C59199A}"
EndProject
Project("{FAE04EC0-301F-11D3-BF4B-00C04F79EFBC}") = "Lookups.Domain", "Lookups.Domain\Lookups.Domain.csproj", "{5E687BB3-5AAB-4CAB-97DA-92DF6FB85E3D}"
EndProject
Global
	GlobalSection(SolutionConfigurationPlatforms) = preSolution
		Debug|Any CPU = Debug|Any CPU
		Release|Any CPU = Release|Any CPU
	EndGlobalSection
	GlobalSection(ProjectConfigurationPlatforms) = postSolution
		{DE6B26CC-DE0A-4463-841A-0462B4EB7309}.Debug|Any CPU.ActiveCfg = Debug|Any CPU
		{DE6B26CC-DE0A-4463-841A-0462B4EB7309}.Debug|Any CPU.Build.0 = Debug|Any CPU
		{DE6B26CC-DE0A-4463-841A-0462B4EB7309}.Release|Any CPU.ActiveCfg = Release|Any CPU
		{DE6B26CC-DE0A-4463-841A-0462B4EB7309}.Release|Any CPU.Build.0 = Release|Any CPU
		{A2090692-2C32-42D8-9CA7-B573E8602994}.Debug|Any CPU.ActiveCfg = Debug|Any CPU
		{A2090692-2C32-42D8-9CA7-B573E8602994}.Debug|Any CPU.Build.0 = Debug|Any CPU
		{A2090692-2C32-42D8-9CA7-B573E8602994}.Release|Any CPU.ActiveCfg = Release|Any CPU
		{A2090692-2C32-42D8-9CA7-B573E8602994}.Release|Any CPU.Build.0 = Release|Any CPU
		{22CCC8FE-82D0-4EE0-84BA-B0439C733DFA}.Debug|Any CPU.ActiveCfg = Debug|Any CPU
		{22CCC8FE-82D0-4EE0-84BA-B0439C733DFA}.Debug|Any CPU.Build.0 = Debug|Any CPU
		{22CCC8FE-82D0-4EE0-84BA-B0439C733DFA}.Release|Any CPU.ActiveCfg = Release|Any CPU
		{22CCC8FE-82D0-4EE0-84BA-B0439C733DFA}.Release|Any CPU.Build.0 = Release|Any CPU
		{4698BE1D-F11F-439D-A7CA-42D880D2415F}.Debug|Any CPU.ActiveCfg = Debug|Any CPU
		{4698BE1D-F11F-439D-A7CA-42D880D2415F}.Debug|Any CPU.Build.0 = Debug|Any CPU
		{4698BE1D-F11F-439D-A7CA-42D880D2415F}.Release|Any CPU.ActiveCfg = Release|Any CPU
		{4698BE1D-F11F-439D-A7CA-42D880D2415F}.Release|Any CPU.Build.0 = Release|Any CPU
		{FC0395ED-6E14-4932-91AD-134B426C93A2}.Debug|Any CPU.ActiveCfg = Debug|Any CPU
		{FC0395ED-6E14-4932-91AD-134B426C93A2}.Debug|Any CPU.Build.0 = Debug|Any CPU
		{FC0395ED-6E14-4932-91AD-134B426C93A2}.Release|Any CPU.ActiveCfg = Release|Any CPU
		{FC0395ED-6E14-4932-91AD-134B426C93A2}.Release|Any CPU.Build.0 = Release|Any CPU
		{570B74FE-9873-4BE4-8229-A222C8F8AC3B}.Debug|Any CPU.ActiveCfg = Debug|Any CPU
		{570B74FE-9873-4BE4-8229-A222C8F8AC3B}.Debug|Any CPU.Build.0 = Debug|Any CPU
		{570B74FE-9873-4BE4-8229-A222C8F8AC3B}.Release|Any CPU.ActiveCfg = Release|Any CPU
		{570B74FE-9873-4BE4-8229-A222C8F8AC3B}.Release|Any CPU.Build.0 = Release|Any CPU
		{9B98A29B-AB37-4852-8D9E-B2BE1310F1E8}.Debug|Any CPU.ActiveCfg = Debug|Any CPU
		{9B98A29B-AB37-4852-8D9E-B2BE1310F1E8}.Debug|Any CPU.Build.0 = Debug|Any CPU
		{9B98A29B-AB37-4852-8D9E-B2BE1310F1E8}.Release|Any CPU.ActiveCfg = Release|Any CPU
		{9B98A29B-AB37-4852-8D9E-B2BE1310F1E8}.Release|Any CPU.Build.0 = Release|Any CPU
		{B9A3EC31-DB09-4C01-9EDA-8BBA5E2FBE0F}.Debug|Any CPU.ActiveCfg = Debug|Any CPU
		{B9A3EC31-DB09-4C01-9EDA-8BBA5E2FBE0F}.Debug|Any CPU.Build.0 = Debug|Any CPU
		{B9A3EC31-DB09-4C01-9EDA-8BBA5E2FBE0F}.Release|Any CPU.ActiveCfg = Release|Any CPU
		{B9A3EC31-DB09-4C01-9EDA-8BBA5E2FBE0F}.Release|Any CPU.Build.0 = Release|Any CPU
		{66CC0B21-433D-4696-B3A6-46CF556064B8}.Debug|Any CPU.ActiveCfg = Debug|Any CPU
		{66CC0B21-433D-4696-B3A6-46CF556064B8}.Debug|Any CPU.Build.0 = Debug|Any CPU
		{66CC0B21-433D-4696-B3A6-46CF556064B8}.Release|Any CPU.ActiveCfg = Release|Any CPU
		{66CC0B21-433D-4696-B3A6-46CF556064B8}.Release|Any CPU.Build.0 = Release|Any CPU
		{77CB4490-D5BF-434D-ABEA-3B8B0DFF5505}.Debug|Any CPU.ActiveCfg = Debug|Any CPU
		{77CB4490-D5BF-434D-ABEA-3B8B0DFF5505}.Debug|Any CPU.Build.0 = Debug|Any CPU
		{77CB4490-D5BF-434D-ABEA-3B8B0DFF5505}.Release|Any CPU.ActiveCfg = Release|Any CPU
		{77CB4490-D5BF-434D-ABEA-3B8B0DFF5505}.Release|Any CPU.Build.0 = Release|Any CPU
		{552ACBE0-1544-462E-91B5-FBCD4C59199A}.Debug|Any CPU.ActiveCfg = Debug|Any CPU
		{552ACBE0-1544-462E-91B5-FBCD4C59199A}.Debug|Any CPU.Build.0 = Debug|Any CPU
		{552ACBE0-1544-462E-91B5-FBCD4C59199A}.Release|Any CPU.ActiveCfg = Release|Any CPU
		{552ACBE0-1544-462E-91B5-FBCD4C59199A}.Release|Any CPU.Build.0 = Release|Any CPU
		{5E687BB3-5AAB-4CAB-97DA-92DF6FB85E3D}.Debug|Any CPU.ActiveCfg = Debug|Any CPU
		{5E687BB3-5AAB-4CAB-97DA-92DF6FB85E3D}.Debug|Any CPU.Build.0 = Debug|Any CPU
		{5E687BB3-5AAB-4CAB-97DA-92DF6FB85E3D}.Release|Any CPU.ActiveCfg = Release|Any CPU
		{5E687BB3-5AAB-4CAB-97DA-92DF6FB85E3D}.Release|Any CPU.Build.0 = Release|Any CPU
	EndGlobalSection
	GlobalSection(SolutionProperties) = preSolution
		HideSolutionNode = FALSE
	EndGlobalSection
	GlobalSection(NestedProjects) = preSolution
		{9A7974DB-BE5B-49C7-B025-2D42FBCE33B7} = {724D8B64-2BCA-481D-A533-9D494A87EA7A}
		{D68FE447-04EB-4D49-94D3-4281FC9476CF} = {9A7974DB-BE5B-49C7-B025-2D42FBCE33B7}
		{DE6B26CC-DE0A-4463-841A-0462B4EB7309} = {D68FE447-04EB-4D49-94D3-4281FC9476CF}
		{9AECCD40-54EB-4D12-8DEF-5EE48B7467DE} = {9A7974DB-BE5B-49C7-B025-2D42FBCE33B7}
		{A2090692-2C32-42D8-9CA7-B573E8602994} = {9AECCD40-54EB-4D12-8DEF-5EE48B7467DE}
		{7EC3A208-9FFA-482F-941D-A27137E7487D} = {9A7974DB-BE5B-49C7-B025-2D42FBCE33B7}
		{22CCC8FE-82D0-4EE0-84BA-B0439C733DFA} = {7EC3A208-9FFA-482F-941D-A27137E7487D}
		{9493F6A2-F022-400F-9E41-0DCE3B16CC5E} = {9A7974DB-BE5B-49C7-B025-2D42FBCE33B7}
		{4698BE1D-F11F-439D-A7CA-42D880D2415F} = {9493F6A2-F022-400F-9E41-0DCE3B16CC5E}
		{ECE5E052-E723-4406-B4DF-D103BBAF4823} = {9A7974DB-BE5B-49C7-B025-2D42FBCE33B7}
		{FC0395ED-6E14-4932-91AD-134B426C93A2} = {ECE5E052-E723-4406-B4DF-D103BBAF4823}
		{570B74FE-9873-4BE4-8229-A222C8F8AC3B} = {9A7974DB-BE5B-49C7-B025-2D42FBCE33B7}
		{AEF3DDAC-095B-4AC2-B6B7-CF6B04885A2A} = {724D8B64-2BCA-481D-A533-9D494A87EA7A}
		{9B98A29B-AB37-4852-8D9E-B2BE1310F1E8} = {AEF3DDAC-095B-4AC2-B6B7-CF6B04885A2A}
		{8F8C4F41-BB22-452A-8BA0-E9DD4C458B6D} = {724D8B64-2BCA-481D-A533-9D494A87EA7A}
		{B9A3EC31-DB09-4C01-9EDA-8BBA5E2FBE0F} = {8F8C4F41-BB22-452A-8BA0-E9DD4C458B6D}
		{66CC0B21-433D-4696-B3A6-46CF556064B8} = {369E5B61-A007-4434-87F5-741F34681304}
		{E96C4D85-3940-421B-B63A-883AAC168A68} = {724D8B64-2BCA-481D-A533-9D494A87EA7A}
		{DE373D72-F72B-4C63-9555-9A3429599B4B} = {E96C4D85-3940-421B-B63A-883AAC168A68}
		{15096CBD-702E-4DC7-A104-1AB60B30A7F2} = {E96C4D85-3940-421B-B63A-883AAC168A68}
		{DE0A8F82-4B22-4811-A510-05DD7CA90B6A} = {E96C4D85-3940-421B-B63A-883AAC168A68}
		{DC81DAAA-71C2-4112-887E-67D2E8797636} = {E96C4D85-3940-421B-B63A-883AAC168A68}
		{77CB4490-D5BF-434D-ABEA-3B8B0DFF5505} = {E96C4D85-3940-421B-B63A-883AAC168A68}
		{552ACBE0-1544-462E-91B5-FBCD4C59199A} = {DC81DAAA-71C2-4112-887E-67D2E8797636}
		{5E687BB3-5AAB-4CAB-97DA-92DF6FB85E3D} = {DE0A8F82-4B22-4811-A510-05DD7CA90B6A}
	EndGlobalSection
	GlobalSection(ExtensibilityGlobals) = postSolution
		SolutionGuid = {897B8A3F-BB1A-474A-948A-97A7FC26D996}
	EndGlobalSection
EndGlobal
