
Microsoft Visual Studio Solution File, Format Version 12.00
# Visual Studio Version 17
VisualStudioVersion = 17.0.31903.59
MinimumVisualStudioVersion = 10.0.40219.1
Project("{2150E333-8FDC-42A3-9474-1A3956D46DE8}") = "Services", "Services", "{6436D3A5-9F67-4A6B-8053-71B8E71561FD}"
EndProject
Project("{2150E333-8FDC-42A3-9474-1A3956D46DE8}") = "Identity", "Identity", "{E9D30B8C-3C67-4FBC-88C3-28E326C57411}"
EndProject
Project("{9A19103F-16F7-4668-BE54-9A1E7A4F7556}") = "Identity.Api", "Services\Identity\Identity.Api\Identity.Api.csproj", "{3D02C908-14B3-4E2D-B8FA-466C45022EA4}"
EndProject
Project("{9A19103F-16F7-4668-BE54-9A1E7A4F7556}") = "Identity.Application", "Services\Identity\Identity.Application\Identity.Application.csproj", "{0C3CE58C-E23D-47CE-9FCC-14425CB42268}"
EndProject
Project("{9A19103F-16F7-4668-BE54-9A1E7A4F7556}") = "Identity.Domain", "Services\Identity\Identity.Domain\Identity.Domain.csproj", "{2A68716C-C4E8-4F51-87F6-C0A72D397A47}"
EndProject
Project("{9A19103F-16F7-4668-BE54-9A1E7A4F7556}") = "Identity.Common", "Services\Identity\Identity.Common\Identity.Common.csproj", "{13DF2653-D336-44FE-9FC5-9760C526C6C7}"
EndProject
Project("{9A19103F-16F7-4668-BE54-9A1E7A4F7556}") = "Identity.Framework", "Services\Identity\Identity.Framework\Identity.Framework.csproj", "{7956A737-55DB-47BC-AC80-F14539BDDE8E}"
EndProject
Project("{9A19103F-16F7-4668-BE54-9A1E7A4F7556}") = "Identity.Infrastructure", "Services\Identity\Identity.Infrastructure\Identity.Infrastructure.csproj", "{ACAB2638-1857-482D-A375-A39676C46BF3}"
EndProject
Project("{2150E333-8FDC-42A3-9474-1A3956D46DE8}") = "Common", "Common", "{5F092933-C9B8-4B38-8749-920485C5B535}"
EndProject
Project("{2150E333-8FDC-42A3-9474-1A3956D46DE8}") = "Shared", "Shared", "{71797399-DE76-451F-A6B0-94552CC62B01}"
EndProject
Project("{2150E333-8FDC-42A3-9474-1A3956D46DE8}") = "Logging", "Logging", "{0E0AECAE-90DC-4FFF-899B-5A716EEBA676}"
EndProject
Project("{9A19103F-16F7-4668-BE54-9A1E7A4F7556}") = "Jada30.Logging", "Common\Shared\Logging\Jada30.Logging\Jada30.Logging.csproj", "{A096D364-C28B-4CC1-8C32-557E92F7CEB9}"
EndProject
Project("{2150E333-8FDC-42A3-9474-1A3956D46DE8}") = "OcelotApiGw", "OcelotApiGw", "{9909BD64-C88D-445D-A405-41713DBE4B41}"
EndProject
Project("{9A19103F-16F7-4668-BE54-9A1E7A4F7556}") = "OcelotApiGw", "OcelotApiGw\OcelotApiGw\OcelotApiGw.csproj", "{1380FB00-2429-47AB-BC16-9B729F235C49}"
EndProject
Project("{2150E333-8FDC-42A3-9474-1A3956D46DE8}") = "Lookups", "Lookups", "{81344077-1A27-4F24-A2FD-738AF5B63AF8}"
EndProject
Project("{9A19103F-16F7-4668-BE54-9A1E7A4F7556}") = "Lookups.Common", "Services\Lookups\Lookups.Common\Lookups.Common.csproj", "{FEDFCD53-F2B0-48FF-AE23-62B745ADEA7C}"
EndProject
Project("{9A19103F-16F7-4668-BE54-9A1E7A4F7556}") = "Lookups.Application", "Services\Lookups\Lookups.Application\Lookups.Application.csproj", "{F44BD701-000C-4CC3-852A-9D171082A6C8}"
EndProject
Project("{9A19103F-16F7-4668-BE54-9A1E7A4F7556}") = "Lookups.API", "Services\Lookups\Lookups.API\Lookups.API.csproj", "{BE7F994E-BF24-468B-9F6E-911845329DB2}"
EndProject
Project("{9A19103F-16F7-4668-BE54-9A1E7A4F7556}") = "Lookups.Domain", "Services\Lookups\Lookups.Domain\Lookups.Domain.csproj", "{E8EA57A2-AE71-4C59-9D73-4660278C50F7}"
EndProject
Project("{9A19103F-16F7-4668-BE54-9A1E7A4F7556}") = "Lookups.Infrastructure", "Services\Lookups\Lookups.Infrastructure\Lookups.Infrastructure.csproj", "{B977E95B-610C-4E28-894B-05D139AB1EC6}"
EndProject
Project("{2150E333-8FDC-42A3-9474-1A3956D46DE8}") = "IdentityServer4", "IdentityServer4", "{71FB7DCD-A6C2-4797-B2EA-CF0F6CFA88C7}"
EndProject
Project("{9A19103F-16F7-4668-BE54-9A1E7A4F7556}") = "IdentityServer4.API", "Services\IdentityServer4\IdentityServer4.API\IdentityServer4.API.csproj", "{FB71FF5C-8B60-4245-B143-4627F87BEEF5}"
EndProject
Project("{2150E333-8FDC-42A3-9474-1A3956D46DE8}") = "RedisCache", "RedisCache", "{A540A126-6999-4B59-9321-5009CBF06F36}"
EndProject
Project("{9A19103F-16F7-4668-BE54-9A1E7A4F7556}") = "Redis", "Common\Shared\RedisCache\Redis\Redis.csproj", "{A2422BDD-9750-4955-8EA3-6FDB6F2CB59E}"
EndProject
Project("{FAE04EC0-301F-11D3-BF4B-00C04F79EFBC}") = "Lookups.Framework", "Services\Lookups\Lookups.Framework\Lookups.Framework.csproj", "{7A14A17B-96D3-4CAF-83D9-47FB955A72E6}"
EndProject
Global
	GlobalSection(SolutionConfigurationPlatforms) = preSolution
		Debug|Any CPU = Debug|Any CPU
		Release|Any CPU = Release|Any CPU
	EndGlobalSection
	GlobalSection(ProjectConfigurationPlatforms) = postSolution
		{3D02C908-14B3-4E2D-B8FA-466C45022EA4}.Debug|Any CPU.ActiveCfg = Debug|Any CPU
		{3D02C908-14B3-4E2D-B8FA-466C45022EA4}.Debug|Any CPU.Build.0 = Debug|Any CPU
		{3D02C908-14B3-4E2D-B8FA-466C45022EA4}.Release|Any CPU.ActiveCfg = Release|Any CPU
		{3D02C908-14B3-4E2D-B8FA-466C45022EA4}.Release|Any CPU.Build.0 = Release|Any CPU
		{0C3CE58C-E23D-47CE-9FCC-14425CB42268}.Debug|Any CPU.ActiveCfg = Debug|Any CPU
		{0C3CE58C-E23D-47CE-9FCC-14425CB42268}.Debug|Any CPU.Build.0 = Debug|Any CPU
		{0C3CE58C-E23D-47CE-9FCC-14425CB42268}.Release|Any CPU.ActiveCfg = Release|Any CPU
		{0C3CE58C-E23D-47CE-9FCC-14425CB42268}.Release|Any CPU.Build.0 = Release|Any CPU
		{2A68716C-C4E8-4F51-87F6-C0A72D397A47}.Debug|Any CPU.ActiveCfg = Debug|Any CPU
		{2A68716C-C4E8-4F51-87F6-C0A72D397A47}.Debug|Any CPU.Build.0 = Debug|Any CPU
		{2A68716C-C4E8-4F51-87F6-C0A72D397A47}.Release|Any CPU.ActiveCfg = Release|Any CPU
		{2A68716C-C4E8-4F51-87F6-C0A72D397A47}.Release|Any CPU.Build.0 = Release|Any CPU
		{13DF2653-D336-44FE-9FC5-9760C526C6C7}.Debug|Any CPU.ActiveCfg = Debug|Any CPU
		{13DF2653-D336-44FE-9FC5-9760C526C6C7}.Debug|Any CPU.Build.0 = Debug|Any CPU
		{13DF2653-D336-44FE-9FC5-9760C526C6C7}.Release|Any CPU.ActiveCfg = Release|Any CPU
		{13DF2653-D336-44FE-9FC5-9760C526C6C7}.Release|Any CPU.Build.0 = Release|Any CPU
		{7956A737-55DB-47BC-AC80-F14539BDDE8E}.Debug|Any CPU.ActiveCfg = Debug|Any CPU
		{7956A737-55DB-47BC-AC80-F14539BDDE8E}.Debug|Any CPU.Build.0 = Debug|Any CPU
		{7956A737-55DB-47BC-AC80-F14539BDDE8E}.Release|Any CPU.ActiveCfg = Release|Any CPU
		{7956A737-55DB-47BC-AC80-F14539BDDE8E}.Release|Any CPU.Build.0 = Release|Any CPU
		{ACAB2638-1857-482D-A375-A39676C46BF3}.Debug|Any CPU.ActiveCfg = Debug|Any CPU
		{ACAB2638-1857-482D-A375-A39676C46BF3}.Debug|Any CPU.Build.0 = Debug|Any CPU
		{ACAB2638-1857-482D-A375-A39676C46BF3}.Release|Any CPU.ActiveCfg = Release|Any CPU
		{ACAB2638-1857-482D-A375-A39676C46BF3}.Release|Any CPU.Build.0 = Release|Any CPU
		{A096D364-C28B-4CC1-8C32-557E92F7CEB9}.Debug|Any CPU.ActiveCfg = Debug|Any CPU
		{A096D364-C28B-4CC1-8C32-557E92F7CEB9}.Debug|Any CPU.Build.0 = Debug|Any CPU
		{A096D364-C28B-4CC1-8C32-557E92F7CEB9}.Release|Any CPU.ActiveCfg = Release|Any CPU
		{A096D364-C28B-4CC1-8C32-557E92F7CEB9}.Release|Any CPU.Build.0 = Release|Any CPU
		{1380FB00-2429-47AB-BC16-9B729F235C49}.Debug|Any CPU.ActiveCfg = Debug|Any CPU
		{1380FB00-2429-47AB-BC16-9B729F235C49}.Debug|Any CPU.Build.0 = Debug|Any CPU
		{1380FB00-2429-47AB-BC16-9B729F235C49}.Release|Any CPU.ActiveCfg = Release|Any CPU
		{1380FB00-2429-47AB-BC16-9B729F235C49}.Release|Any CPU.Build.0 = Release|Any CPU
		{FEDFCD53-F2B0-48FF-AE23-62B745ADEA7C}.Debug|Any CPU.ActiveCfg = Debug|Any CPU
		{FEDFCD53-F2B0-48FF-AE23-62B745ADEA7C}.Debug|Any CPU.Build.0 = Debug|Any CPU
		{FEDFCD53-F2B0-48FF-AE23-62B745ADEA7C}.Release|Any CPU.ActiveCfg = Release|Any CPU
		{FEDFCD53-F2B0-48FF-AE23-62B745ADEA7C}.Release|Any CPU.Build.0 = Release|Any CPU
		{F44BD701-000C-4CC3-852A-9D171082A6C8}.Debug|Any CPU.ActiveCfg = Debug|Any CPU
		{F44BD701-000C-4CC3-852A-9D171082A6C8}.Debug|Any CPU.Build.0 = Debug|Any CPU
		{F44BD701-000C-4CC3-852A-9D171082A6C8}.Release|Any CPU.ActiveCfg = Release|Any CPU
		{F44BD701-000C-4CC3-852A-9D171082A6C8}.Release|Any CPU.Build.0 = Release|Any CPU
		{BE7F994E-BF24-468B-9F6E-911845329DB2}.Debug|Any CPU.ActiveCfg = Debug|Any CPU
		{BE7F994E-BF24-468B-9F6E-911845329DB2}.Debug|Any CPU.Build.0 = Debug|Any CPU
		{BE7F994E-BF24-468B-9F6E-911845329DB2}.Release|Any CPU.ActiveCfg = Release|Any CPU
		{BE7F994E-BF24-468B-9F6E-911845329DB2}.Release|Any CPU.Build.0 = Release|Any CPU
		{E8EA57A2-AE71-4C59-9D73-4660278C50F7}.Debug|Any CPU.ActiveCfg = Debug|Any CPU
		{E8EA57A2-AE71-4C59-9D73-4660278C50F7}.Debug|Any CPU.Build.0 = Debug|Any CPU
		{E8EA57A2-AE71-4C59-9D73-4660278C50F7}.Release|Any CPU.ActiveCfg = Release|Any CPU
		{E8EA57A2-AE71-4C59-9D73-4660278C50F7}.Release|Any CPU.Build.0 = Release|Any CPU
		{B977E95B-610C-4E28-894B-05D139AB1EC6}.Debug|Any CPU.ActiveCfg = Debug|Any CPU
		{B977E95B-610C-4E28-894B-05D139AB1EC6}.Debug|Any CPU.Build.0 = Debug|Any CPU
		{B977E95B-610C-4E28-894B-05D139AB1EC6}.Release|Any CPU.ActiveCfg = Release|Any CPU
		{B977E95B-610C-4E28-894B-05D139AB1EC6}.Release|Any CPU.Build.0 = Release|Any CPU
		{FB71FF5C-8B60-4245-B143-4627F87BEEF5}.Debug|Any CPU.ActiveCfg = Debug|Any CPU
		{FB71FF5C-8B60-4245-B143-4627F87BEEF5}.Debug|Any CPU.Build.0 = Debug|Any CPU
		{FB71FF5C-8B60-4245-B143-4627F87BEEF5}.Release|Any CPU.ActiveCfg = Release|Any CPU
		{FB71FF5C-8B60-4245-B143-4627F87BEEF5}.Release|Any CPU.Build.0 = Release|Any CPU
		{A2422BDD-9750-4955-8EA3-6FDB6F2CB59E}.Debug|Any CPU.ActiveCfg = Debug|Any CPU
		{A2422BDD-9750-4955-8EA3-6FDB6F2CB59E}.Debug|Any CPU.Build.0 = Debug|Any CPU
		{A2422BDD-9750-4955-8EA3-6FDB6F2CB59E}.Release|Any CPU.ActiveCfg = Release|Any CPU
		{A2422BDD-9750-4955-8EA3-6FDB6F2CB59E}.Release|Any CPU.Build.0 = Release|Any CPU
		{7A14A17B-96D3-4CAF-83D9-47FB955A72E6}.Debug|Any CPU.ActiveCfg = Debug|Any CPU
		{7A14A17B-96D3-4CAF-83D9-47FB955A72E6}.Debug|Any CPU.Build.0 = Debug|Any CPU
		{7A14A17B-96D3-4CAF-83D9-47FB955A72E6}.Release|Any CPU.ActiveCfg = Release|Any CPU
		{7A14A17B-96D3-4CAF-83D9-47FB955A72E6}.Release|Any CPU.Build.0 = Release|Any CPU
	EndGlobalSection
	GlobalSection(SolutionProperties) = preSolution
		HideSolutionNode = FALSE
	EndGlobalSection
	GlobalSection(NestedProjects) = preSolution
		{E9D30B8C-3C67-4FBC-88C3-28E326C57411} = {6436D3A5-9F67-4A6B-8053-71B8E71561FD}
		{3D02C908-14B3-4E2D-B8FA-466C45022EA4} = {E9D30B8C-3C67-4FBC-88C3-28E326C57411}
		{0C3CE58C-E23D-47CE-9FCC-14425CB42268} = {E9D30B8C-3C67-4FBC-88C3-28E326C57411}
		{2A68716C-C4E8-4F51-87F6-C0A72D397A47} = {E9D30B8C-3C67-4FBC-88C3-28E326C57411}
		{13DF2653-D336-44FE-9FC5-9760C526C6C7} = {E9D30B8C-3C67-4FBC-88C3-28E326C57411}
		{7956A737-55DB-47BC-AC80-F14539BDDE8E} = {E9D30B8C-3C67-4FBC-88C3-28E326C57411}
		{ACAB2638-1857-482D-A375-A39676C46BF3} = {E9D30B8C-3C67-4FBC-88C3-28E326C57411}
		{71797399-DE76-451F-A6B0-94552CC62B01} = {5F092933-C9B8-4B38-8749-920485C5B535}
		{0E0AECAE-90DC-4FFF-899B-5A716EEBA676} = {71797399-DE76-451F-A6B0-94552CC62B01}
		{A096D364-C28B-4CC1-8C32-557E92F7CEB9} = {0E0AECAE-90DC-4FFF-899B-5A716EEBA676}
		{1380FB00-2429-47AB-BC16-9B729F235C49} = {9909BD64-C88D-445D-A405-41713DBE4B41}
		{81344077-1A27-4F24-A2FD-738AF5B63AF8} = {6436D3A5-9F67-4A6B-8053-71B8E71561FD}
		{FEDFCD53-F2B0-48FF-AE23-62B745ADEA7C} = {81344077-1A27-4F24-A2FD-738AF5B63AF8}
		{F44BD701-000C-4CC3-852A-9D171082A6C8} = {81344077-1A27-4F24-A2FD-738AF5B63AF8}
		{BE7F994E-BF24-468B-9F6E-911845329DB2} = {81344077-1A27-4F24-A2FD-738AF5B63AF8}
		{E8EA57A2-AE71-4C59-9D73-4660278C50F7} = {81344077-1A27-4F24-A2FD-738AF5B63AF8}
		{B977E95B-610C-4E28-894B-05D139AB1EC6} = {81344077-1A27-4F24-A2FD-738AF5B63AF8}
		{71FB7DCD-A6C2-4797-B2EA-CF0F6CFA88C7} = {6436D3A5-9F67-4A6B-8053-71B8E71561FD}
		{FB71FF5C-8B60-4245-B143-4627F87BEEF5} = {71FB7DCD-A6C2-4797-B2EA-CF0F6CFA88C7}
		{A540A126-6999-4B59-9321-5009CBF06F36} = {71797399-DE76-451F-A6B0-94552CC62B01}
		{A2422BDD-9750-4955-8EA3-6FDB6F2CB59E} = {A540A126-6999-4B59-9321-5009CBF06F36}
		{7A14A17B-96D3-4CAF-83D9-47FB955A72E6} = {81344077-1A27-4F24-A2FD-738AF5B63AF8}
	EndGlobalSection
	GlobalSection(ExtensibilityGlobals) = postSolution
		SolutionGuid = {5C8F776E-4F74-4438-BC7D-69FF2300B62A}
	EndGlobalSection
EndGlobal
